<Solution>
  <Folder Name="/Catalog/">
    <Project Path="Catalog/Catalog.API/Catalog.API.csproj" />
    <Project Path="Catalog/Catalog.Application/Catalog.Application.csproj" />
    <Project Path="Catalog/Catalog.Domain/Catalog.Domain.csproj" />
    <Project Path="Catalog/Catalog.Infrastructure/Catalog.Infrastructure.csproj" />
    <Project Path="Catalog/Catalog.Tests/Catalog.Tests.csproj" />
  </Folder>
  <Folder Name="/Ordering/">
    <Project Path="Ordering/Ordering.API/Ordering.API.csproj" Id="209ac2ee-2d26-4c47-8360-1c1dd1b68509" />
    <Project Path="Ordering/Ordering.Application/Ordering.Application.csproj" Id="00fe497b-7522-4367-bb63-6c04d4762377" />
    <Project Path="Ordering/Ordering.Domain/Ordering.Domain.csproj" Id="f31fa6b7-47a4-43a4-918b-a38f295f6899" />
    <Project Path="Ordering/Ordering.Infrastructure/Ordering.Infrastructure.csproj" Id="02240ace-759d-4073-b037-a0342fe4b375" />
    <Project Path="Ordering/Ordering.Tests/Ordering.Tests.csproj" Id="6f494254-b028-4799-8798-2aecb3a66310" />
  </Folder>
    <Folder Name="/Basket/">
    <Project Path="Basket/Basket.API/Basket.API.csproj" />
    <Project Path="Basket/Basket.Application/Basket.Application.csproj" />
    <Project Path="Basket/Basket.Domain/Basket.Domain.csproj" />
    <Project Path="Basket/Basket.Infrastructure/Basket.Infrastructure.csproj" />
    <Project Path="Basket/Basket.Tests/Basket.Tests.csproj" />
  </Folder>
    <Folder Name="/Payments/">
        <Project Path="Payments/Payments.API/Payments.API.csproj" />
        <Project Path="Payments/Payments.Application/Payments.Application.csproj" />
        <Project Path="Payments/Payments.Domain/Payments.Domain.csproj" />
        <Project Path="Payments/Payments.Infrastructure/Payments.Infrastructure.csproj" />
        <Project Path="Payments/Payments.Tests/Payments.Tests.csproj" />
    </Folder>
  <Folder Name="/SharedKernel/">
    <Project Path="SharedKernel/Bookshop.Contracts/Bookshop.Contracts.csproj" Id="5f937bdf-db37-4ff3-a6e8-3820c5fa79a9" />
    <Project Path="SharedKernel/Bookshop.SharedKernel/Bookshop.SharedKernel.csproj" Id="1c2b7128-dc2d-4a8f-b304-0f1a67f20067" />
  </Folder>
  <Folder Name="/Solution Items/">
    <File Path="docker-compose.yml" />
  </Folder>
</Solution>
