<Solution>
  <Project Path="Catalog.API/Catalog.API.csproj" />
  <Project Path="Catalog.Application/Catalog.Application.csproj" />
  <Project Path="Catalog.Infrastructure/Catalog.Infrastructure.csproj" />
  <Project Path="Catalog.Tests/Catalog.Tests.csproj" />
  <Project Path="Catalog.Domain/Catalog.Domain.csproj"/>
</Solution>
